{
  "meteor": {},
  "dependencies": {
    "basePackages": {
      "jqueryui": {}
    },
    "packages": {
      "jqueryui": {
        "git": "https://github.com/mizzao/meteor-jqueryui.git",
        "tag": "v1.11.0",
        "commit": "f31ce0ab94d3076344894b0e74906846620ac3e5"
      },
      "build-fetcher": {
        "git": "https://github.com/mizzao/meteor-build-fetcher.git",
        "tag": "v0.2.0",
        "commit": "5202ca83277860d798c6ff2ef1d8fe1bce007d0f"
      }
    }
  }
}
